
Microsoft Visual Studio Solution File, Format Version 12.00
# Visual Studio Version 16
VisualStudioVersion = 16.0.30717.126
MinimumVisualStudioVersion = 10.0.40219.1
Project("{9A19103F-16F7-4668-BE54-9A1E7A4F7556}") = "PortalRandkowy.API", "PortalRandkowy.API.csproj", "{ABBAD777-19EA-4093-8D12-16A42DCC5EF6}"
EndProject
Global
	GlobalSection(SolutionConfigurationPlatforms) = preSolution
		Debug|Any CPU = Debug|Any CPU
		Release|Any CPU = Release|Any CPU
	EndGlobalSection
	GlobalSection(ProjectConfigurationPlatforms) = postSolution
		{ABBAD777-19EA-4093-8D12-16A42DCC5EF6}.Debug|Any CPU.ActiveCfg = Debug|Any CPU
		{ABBAD777-19EA-4093-8D12-16A42DCC5EF6}.Debug|Any CPU.Build.0 = Debug|Any CPU
		{ABBAD777-19EA-4093-8D12-16A42DCC5EF6}.Release|Any CPU.ActiveCfg = Release|Any CPU
		{ABBAD777-19EA-4093-8D12-16A42DCC5EF6}.Release|Any CPU.Build.0 = Release|Any CPU
	EndGlobalSection
	GlobalSection(SolutionProperties) = preSolution
		HideSolutionNode = FALSE
	EndGlobalSection
	GlobalSection(ExtensibilityGlobals) = postSolution
		SolutionGuid = {19E3EA9E-AE87-4B47-869C-CE7E7510EC56}
	EndGlobalSection
EndGlobal
